// !$*UTF8*$!
{
	archiveVersion = 1;
	classes = {
	};
	objectVersion = 46;
	objects = {

/* Begin PBXBuildFile section */
		85B7BE481D8F2DF500E265D7 /* AppDelegate.swift in Sources */ = {isa = PBXBuildFile; fileRef = 85B7BE471D8F2DF500E265D7 /* AppDelegate.swift */; };
		85B7BE4A1D8F2DF500E265D7 /* ViewController.swift in Sources */ = {isa = PBXBuildFile; fileRef = 85B7BE491D8F2DF500E265D7 /* ViewController.swift */; };
		85B7BE4D1D8F2DF500E265D7 /* Main.storyboard in Resources */ = {isa = PBXBuildFile; fileRef = 85B7BE4B1D8F2DF500E265D7 /* Main.storyboard */; };
		85B7BE4F1D8F2DF500E265D7 /* Assets.xcassets in Resources */ = {isa = PBXBuildFile; fileRef = 85B7BE4E1D8F2DF500E265D7 /* Assets.xcassets */; };
		85B7BE521D8F2DF500E265D7 /* LaunchScreen.storyboard in Resources */ = {isa = PBXBuildFile; fileRef = 85B7BE501D8F2DF500E265D7 /* LaunchScreen.storyboard */; };
		85B7BE5D1D8F2DF500E265D7 /* tippyTests.swift in Sources */ = {isa = PBXBuildFile; fileRef = 85B7BE5C1D8F2DF500E265D7 /* tippyTests.swift */; };
		85B7BE681D8F2DF500E265D7 /* tippyUITests.swift in Sources */ = {isa = PBXBuildFile; fileRef = 85B7BE671D8F2DF500E265D7 /* tippyUITests.swift */; };
/* End PBXBuildFile section */

/* Begin PBXContainerItemProxy section */
		85B7BE591D8F2DF500E265D7 /* PBXContainerItemProxy */ = {
			isa = PBXContainerItemProxy;
			containerPortal = 85B7BE3C1D8F2DF400E265D7 /* Project object */;
			proxyType = 1;
			remoteGlobalIDString = 85B7BE431D8F2DF400E265D7;
			remoteInfo = tippy;
		};
		85B7BE641D8F2DF500E265D7 /* PBXContainerItemProxy */ = {
			isa = PBXContainerItemProxy;
			containerPortal = 85B7BE3C1D8F2DF400E265D7 /* Project object */;
			proxyType = 1;
			remoteGlobalIDString = 85B7BE431D8F2DF400E265D7;
			remoteInfo = tippy;
		};
/* End PBXContainerItemProxy section */

/* Begin PBXFileReference section */
		85B7BE441D8F2DF500E265D7 /* tippy.app */ = {isa = PBXFileReference; explicitFileType = wrapper.application; includeInIndex = 0; path = tippy.app; sourceTree = BUILT_PRODUCTS_DIR; };
		85B7BE471D8F2DF500E265D7 /* AppDelegate.swift */ = {isa = PBXFileReference; lastKnownFileType = sourcecode.swift; path = AppDelegate.swift; sourceTree = "<group>"; };
		85B7BE491D8F2DF500E265D7 /* ViewController.swift */ = {isa = PBXFileReference; lastKnownFileType = sourcecode.swift; path = ViewController.swift; sourceTree = "<group>"; };
		85B7BE4C1D8F2DF500E265D7 /* Base */ = {isa = PBXFileReference; lastKnownFileType = file.storyboard; name = Base; path = Base.lproj/Main.storyboard; sourceTree = "<group>"; };
		85B7BE4E1D8F2DF500E265D7 /* Assets.xcassets */ = {isa = PBXFileReference; lastKnownFileType = folder.assetcatalog; path = Assets.xcassets; sourceTree = "<group>"; };
		85B7BE511D8F2DF500E265D7 /* Base */ = {isa = PBXFileReference; lastKnownFileType = file.storyboard; name = Base; path = Base.lproj/LaunchScreen.storyboard; sourceTree = "<group>"; };
		85B7BE531D8F2DF500E265D7 /* Info.plist */ = {isa = PBXFileReference; lastKnownFileType = text.plist.xml; path = Info.plist; sourceTree = "<group>"; };
		85B7BE581D8F2DF500E265D7 /* tippyTests.xctest */ = {isa = PBXFileReference; explicitFileType = wrapper.cfbundle; includeInIndex = 0; path = tippyTests.xctest; sourceTree = BUILT_PRODUCTS_DIR; };
		85B7BE5C1D8F2DF500E265D7 /* tippyTests.swift */ = {isa = PBXFileReference; lastKnownFileType = sourcecode.swift; path = tippyTests.swift; sourceTree = "<group>"; };
		85B7BE5E1D8F2DF500E265D7 /* Info.plist */ = {isa = PBXFileReference; lastKnownFileType = text.plist.xml; path = Info.plist; sourceTree = "<group>"; };
		85B7BE631D8F2DF500E265D7 /* tippyUITests.xctest */ = {isa = PBXFileReference; explicitFileType = wrapper.cfbundle; includeInIndex = 0; path = tippyUITests.xctest; sourceTree = BUILT_PRODUCTS_DIR; };
		85B7BE671D8F2DF500E265D7 /* tippyUITests.swift */ = {isa = PBXFileReference; lastKnownFileType = sourcecode.swift; path = tippyUITests.swift; sourceTree = "<group>"; };
		85B7BE691D8F2DF500E265D7 /* Info.plist */ = {isa = PBXFileReference; lastKnownFileType = text.plist.xml; path = Info.plist; sourceTree = "<group>"; };
/* End PBXFileReference section */

/* Begin PBXFrameworksBuildPhase section */
		85B7BE411D8F2DF400E265D7 /* Frameworks */ = {
			isa = PBXFrameworksBuildPhase;
			buildActionMask = 2147483647;
			files = (
			);
			runOnlyForDeploymentPostprocessing = 0;
		};
		85B7BE551D8F2DF500E265D7 /* Frameworks */ = {
			isa = PBXFrameworksBuildPhase;
			buildActionMask = 2147483647;
			files = (
			);
			runOnlyForDeploymentPostprocessing = 0;
		};
		85B7BE601D8F2DF500E265D7 /* Frameworks */ = {
			isa = PBXFrameworksBuildPhase;
			buildActionMask = 2147483647;
			files = (
			);
			runOnlyForDeploymentPostprocessing = 0;
		};
/* End PBXFrameworksBuildPhase section */

/* Begin PBXGroup section */
		85B7BE3B1D8F2DF400E265D7 = {
			isa = PBXGroup;
			children = (
				85B7BE461D8F2DF500E265D7 /* tippy */,
				85B7BE5B1D8F2DF500E265D7 /* tippyTests */,
				85B7BE661D8F2DF500E265D7 /* tippyUITests */,
				85B7BE451D8F2DF500E265D7 /* Products */,
			);
			sourceTree = "<group>";
		};
		85B7BE451D8F2DF500E265D7 /* Products */ = {
			isa = PBXGroup;
			children = (
				85B7BE441D8F2DF500E265D7 /* tippy.app */,
				85B7BE581D8F2DF500E265D7 /* tippyTests.xctest */,
				85B7BE631D8F2DF500E265D7 /* tippyUITests.xctest */,
			);
			name = Products;
			sourceTree = "<group>";
		};
		85B7BE461D8F2DF500E265D7 /* tippy */ = {
			isa = PBXGroup;
			children = (
				85B7BE471D8F2DF500E265D7 /* AppDelegate.swift */,
				85B7BE491D8F2DF500E265D7 /* ViewController.swift */,
				85B7BE4B1D8F2DF500E265D7 /* Main.storyboard */,
				85B7BE4E1D8F2DF500E265D7 /* Assets.xcassets */,
				85B7BE501D8F2DF500E265D7 /* LaunchScreen.storyboard */,
				85B7BE531D8F2DF500E265D7 /* Info.plist */,
			);
			path = tippy;
			sourceTree = "<group>";
		};
		85B7BE5B1D8F2DF500E265D7 /* tippyTests */ = {
			isa = PBXGroup;
			children = (
				85B7BE5C1D8F2DF500E265D7 /* tippyTests.swift */,
				85B7BE5E1D8F2DF500E265D7 /* Info.plist */,
			);
			path = tippyTests;
			sourceTree = "<group>";
		};
		85B7BE661D8F2DF500E265D7 /* tippyUITests */ = {
			isa = PBXGroup;
			children = (
				85B7BE671D8F2DF500E265D7 /* tippyUITests.swift */,
				85B7BE691D8F2DF500E265D7 /* Info.plist */,
			);
			path = tippyUITests;
			sourceTree = "<group>";
		};
/* End PBXGroup section */

/* Begin PBXNativeTarget section */
		85B7BE431D8F2DF400E265D7 /* tippy */ = {
			isa = PBXNativeTarget;
			buildConfigurationList = 85B7BE6C1D8F2DF500E265D7 /* Build configuration list for PBXNativeTarget "tippy" */;
			buildPhases = (
				85B7BE401D8F2DF400E265D7 /* Sources */,
				85B7BE411D8F2DF400E265D7 /* Frameworks */,
				85B7BE421D8F2DF400E265D7 /* Resources */,
			);
			buildRules = (
			);
			dependencies = (
			);
			name = tippy;
			productName = tippy;
			productReference = 85B7BE441D8F2DF500E265D7 /* tippy.app */;
			productType = "com.apple.product-type.application";
		};
		85B7BE571D8F2DF500E265D7 /* tippyTests */ = {
			isa = PBXNativeTarget;
			buildConfigurationList = 85B7BE6F1D8F2DF500E265D7 /* Build configuration list for PBXNativeTarget "tippyTests" */;
			buildPhases = (
				85B7BE541D8F2DF500E265D7 /* Sources */,
				85B7BE551D8F2DF500E265D7 /* Frameworks */,
				85B7BE561D8F2DF500E265D7 /* Resources */,
			);
			buildRules = (
			);
			dependencies = (
				85B7BE5A1D8F2DF500E265D7 /* PBXTargetDependency */,
			);
			name = tippyTests;
			productName = tippyTests;
			productReference = 85B7BE581D8F2DF500E265D7 /* tippyTests.xctest */;
			productType = "com.apple.product-type.bundle.unit-test";
		};
		85B7BE621D8F2DF500E265D7 /* tippyUITests */ = {
			isa = PBXNativeTarget;
			buildConfigurationList = 85B7BE721D8F2DF500E265D7 /* Build configuration list for PBXNativeTarget "tippyUITests" */;
			buildPhases = (
				85B7BE5F1D8F2DF500E265D7 /* Sources */,
				85B7BE601D8F2DF500E265D7 /* Frameworks */,
				85B7BE611D8F2DF500E265D7 /* Resources */,
			);
			buildRules = (
			);
			dependencies = (
				85B7BE651D8F2DF500E265D7 /* PBXTargetDependency */,
			);
			name = tippyUITests;
			productName = tippyUITests;
			productReference = 85B7BE631D8F2DF500E265D7 /* tippyUITests.xctest */;
			productType = "com.apple.product-type.bundle.ui-testing";
		};
/* End PBXNativeTarget section */

/* Begin PBXProject section */
		85B7BE3C1D8F2DF400E265D7 /* Project object */ = {
			isa = PBXProject;
			attributes = {
				LastSwiftUpdateCheck = 0800;
				LastUpgradeCheck = 0800;
				ORGANIZATIONNAME = "Adam Noffsinger";
				TargetAttributes = {
					85B7BE431D8F2DF400E265D7 = {
						CreatedOnToolsVersion = 8.0;
						ProvisioningStyle = Automatic;
					};
					85B7BE571D8F2DF500E265D7 = {
						CreatedOnToolsVersion = 8.0;
						ProvisioningStyle = Automatic;
						TestTargetID = 85B7BE431D8F2DF400E265D7;
					};
					85B7BE621D8F2DF500E265D7 = {
						CreatedOnToolsVersion = 8.0;
						ProvisioningStyle = Automatic;
						TestTargetID = 85B7BE431D8F2DF400E265D7;
					};
				};
			};
			buildConfigurationList = 85B7BE3F1D8F2DF400E265D7 /* Build configuration list for PBXProject "tippy" */;
			compatibilityVersion = "Xcode 3.2";
			developmentRegion = English;
			hasScannedForEncodings = 0;
			knownRegions = (
				en,
				Base,
			);
			mainGroup = 85B7BE3B1D8F2DF400E265D7;
			productRefGroup = 85B7BE451D8F2DF500E265D7 /* Products */;
			projectDirPath = "";
			projectRoot = "";
			targets = (
				85B7BE431D8F2DF400E265D7 /* tippy */,
				85B7BE571D8F2DF500E265D7 /* tippyTests */,
				85B7BE621D8F2DF500E265D7 /* tippyUITests */,
			);
		};
/* End PBXProject section */

/* Begin PBXResourcesBuildPhase section */
		85B7BE421D8F2DF400E265D7 /* Resources */ = {
			isa = PBXResourcesBuildPhase;
			buildActionMask = 2147483647;
			files = (
				85B7BE521D8F2DF500E265D7 /* LaunchScreen.storyboard in Resources */,
				85B7BE4F1D8F2DF500E265D7 /* Assets.xcassets in Resources */,
				85B7BE4D1D8F2DF500E265D7 /* Main.storyboard in Resources */,
			);
			runOnlyForDeploymentPostprocessing = 0;
		};
		85B7BE561D8F2DF500E265D7 /* Resources */ = {
			isa = PBXResourcesBuildPhase;
			buildActionMask = 2147483647;
			files = (
			);
			runOnlyForDeploymentPostprocessing = 0;
		};
		85B7BE611D8F2DF500E265D7 /* Resources */ = {
			isa = PBXResourcesBuildPhase;
			buildActionMask = 2147483647;
			files = (
			);
			runOnlyForDeploymentPostprocessing = 0;
		};
/* End PBXResourcesBuildPhase section */

/* Begin PBXSourcesBuildPhase section */
		85B7BE401D8F2DF400E265D7 /* Sources */ = {
			isa = PBXSourcesBuildPhase;
			buildActionMask = 2147483647;
			files = (
				85B7BE4A1D8F2DF500E265D7 /* ViewController.swift in Sources */,
				85B7BE481D8F2DF500E265D7 /* AppDelegate.swift in Sources */,
			);
			runOnlyForDeploymentPostprocessing = 0;
		};
		85B7BE541D8F2DF500E265D7 /* Sources */ = {
			isa = PBXSourcesBuildPhase;
			buildActionMask = 2147483647;
			files = (
				85B7BE5D1D8F2DF500E265D7 /* tippyTests.swift in Sources */,
			);
			runOnlyForDeploymentPostprocessing = 0;
		};
		85B7BE5F1D8F2DF500E265D7 /* Sources */ = {
			isa = PBXSourcesBuildPhase;
			buildActionMask = 2147483647;
			files = (
				85B7BE681D8F2DF500E265D7 /* tippyUITests.swift in Sources */,
			);
			runOnlyForDeploymentPostprocessing = 0;
		};
/* End PBXSourcesBuildPhase section */

/* Begin PBXTargetDependency section */
		85B7BE5A1D8F2DF500E265D7 /* PBXTargetDependency */ = {
			isa = PBXTargetDependency;
			target = 85B7BE431D8F2DF400E265D7 /* tippy */;
			targetProxy = 85B7BE591D8F2DF500E265D7 /* PBXContainerItemProxy */;
		};
		85B7BE651D8F2DF500E265D7 /* PBXTargetDependency */ = {
			isa = PBXTargetDependency;
			target = 85B7BE431D8F2DF400E265D7 /* tippy */;
			targetProxy = 85B7BE641D8F2DF500E265D7 /* PBXContainerItemProxy */;
		};
/* End PBXTargetDependency section */

/* Begin PBXVariantGroup section */
		85B7BE4B1D8F2DF500E265D7 /* Main.storyboard */ = {
			isa = PBXVariantGroup;
			children = (
				85B7BE4C1D8F2DF500E265D7 /* Base */,
			);
			name = Main.storyboard;
			sourceTree = "<group>";
		};
		85B7BE501D8F2DF500E265D7 /* LaunchScreen.storyboard */ = {
			isa = PBXVariantGroup;
			children = (
				85B7BE511D8F2DF500E265D7 /* Base */,
			);
			name = LaunchScreen.storyboard;
			sourceTree = "<group>";
		};
/* End PBXVariantGroup section */

/* Begin XCBuildConfiguration section */
		85B7BE6A1D8F2DF500E265D7 /* Debug */ = {
			isa = XCBuildConfiguration;
			buildSettings = {
				ALWAYS_SEARCH_USER_PATHS = NO;
				CLANG_ANALYZER_NONNULL = YES;
				CLANG_CXX_LANGUAGE_STANDARD = "gnu++0x";
				CLANG_CXX_LIBRARY = "libc++";
				CLANG_ENABLE_MODULES = YES;
				CLANG_ENABLE_OBJC_ARC = YES;
				CLANG_WARN_BOOL_CONVERSION = YES;
				CLANG_WARN_CONSTANT_CONVERSION = YES;
				CLANG_WARN_DIRECT_OBJC_ISA_USAGE = YES_ERROR;
				CLANG_WARN_DOCUMENTATION_COMMENTS = YES;
				CLANG_WARN_EMPTY_BODY = YES;
				CLANG_WARN_ENUM_CONVERSION = YES;
				CLANG_WARN_INFINITE_RECURSION = YES;
				CLANG_WARN_INT_CONVERSION = YES;
				CLANG_WARN_OBJC_ROOT_CLASS = YES_ERROR;
				CLANG_WARN_SUSPICIOUS_MOVES = YES;
				CLANG_WARN_UNREACHABLE_CODE = YES;
				CLANG_WARN__DUPLICATE_METHOD_MATCH = YES;
				"CODE_SIGN_IDENTITY[sdk=iphoneos*]" = "iPhone Developer";
				COPY_PHASE_STRIP = NO;
				DEBUG_INFORMATION_FORMAT = dwarf;
				ENABLE_STRICT_OBJC_MSGSEND = YES;
				ENABLE_TESTABILITY = YES;
				GCC_C_LANGUAGE_STANDARD = gnu99;
				GCC_DYNAMIC_NO_PIC = NO;
				GCC_NO_COMMON_BLOCKS = YES;
				GCC_OPTIMIZATION_LEVEL = 0;
				GCC_PREPROCESSOR_DEFINITIONS = (
					"DEBUG=1",
					"$(inherited)",
				);
				GCC_WARN_64_TO_32_BIT_CONVERSION = YES;
				GCC_WARN_ABOUT_RETURN_TYPE = YES_ERROR;
				GCC_WARN_UNDECLARED_SELECTOR = YES;
				GCC_WARN_UNINITIALIZED_AUTOS = YES_AGGRESSIVE;
				GCC_WARN_UNUSED_FUNCTION = YES;
				GCC_WARN_UNUSED_VARIABLE = YES;
				IPHONEOS_DEPLOYMENT_TARGET = 10.0;
				MTL_ENABLE_DEBUG_INFO = YES;
				ONLY_ACTIVE_ARCH = YES;
				SDKROOT = iphoneos;
				SWIFT_ACTIVE_COMPILATION_CONDITIONS = DEBUG;
				SWIFT_OPTIMIZATION_LEVEL = "-Onone";
			};
			name = Debug;
		};
		85B7BE6B1D8F2DF500E265D7 /* Release */ = {
			isa = XCBuildConfiguration;
			buildSettings = {
				ALWAYS_SEARCH_USER_PATHS = NO;
				CLANG_ANALYZER_NONNULL = YES;
				CLANG_CXX_LANGUAGE_STANDARD = "gnu++0x";
				CLANG_CXX_LIBRARY = "libc++";
				CLANG_ENABLE_MODULES = YES;
				CLANG_ENABLE_OBJC_ARC = YES;
				CLANG_WARN_BOOL_CONVERSION = YES;
				CLANG_WARN_CONSTANT_CONVERSION = YES;
				CLANG_WARN_DIRECT_OBJC_ISA_USAGE = YES_ERROR;
				CLANG_WARN_DOCUMENTATION_COMMENTS = YES;
				CLANG_WARN_EMPTY_BODY = YES;
				CLANG_WARN_ENUM_CONVERSION = YES;
				CLANG_WARN_INFINITE_RECURSION = YES;
				CLANG_WARN_INT_CONVERSION = YES;
				CLANG_WARN_OBJC_ROOT_CLASS = YES_ERROR;
				CLANG_WARN_SUSPICIOUS_MOVES = YES;
				CLANG_WARN_UNREACHABLE_CODE = YES;
				CLANG_WARN__DUPLICATE_METHOD_MATCH = YES;
				"CODE_SIGN_IDENTITY[sdk=iphoneos*]" = "iPhone Developer";
				COPY_PHASE_STRIP = NO;
				DEBUG_INFORMATION_FORMAT = "dwarf-with-dsym";
				ENABLE_NS_ASSERTIONS = NO;
				ENABLE_STRICT_OBJC_MSGSEND = YES;
				GCC_C_LANGUAGE_STANDARD = gnu99;
				GCC_NO_COMMON_BLOCKS = YES;
				GCC_WARN_64_TO_32_BIT_CONVERSION = YES;
				GCC_WARN_ABOUT_RETURN_TYPE = YES_ERROR;
				GCC_WARN_UNDECLARED_SELECTOR = YES;
				GCC_WARN_UNINITIALIZED_AUTOS = YES_AGGRESSIVE;
				GCC_WARN_UNUSED_FUNCTION = YES;
				GCC_WARN_UNUSED_VARIABLE = YES;
				IPHONEOS_DEPLOYMENT_TARGET = 10.0;
				MTL_ENABLE_DEBUG_INFO = NO;
				SDKROOT = iphoneos;
				SWIFT_OPTIMIZATION_LEVEL = "-Owholemodule";
				VALIDATE_PRODUCT = YES;
			};
			name = Release;
		};
		85B7BE6D1D8F2DF500E265D7 /* Debug */ = {
			isa = XCBuildConfiguration;
			buildSettings = {
				ASSETCATALOG_COMPILER_APPICON_NAME = AppIcon;
				INFOPLIST_FILE = tippy/Info.plist;
				LD_RUNPATH_SEARCH_PATHS = "$(inherited) @executable_path/Frameworks";
				PRODUCT_BUNDLE_IDENTIFIER = me.noff.tippy;
				PRODUCT_NAME = "$(TARGET_NAME)";
				SWIFT_VERSION = 3.0;
			};
			name = Debug;
		};
		85B7BE6E1D8F2DF500E265D7 /* Release */ = {
			isa = XCBuildConfiguration;
			buildSettings = {
				ASSETCATALOG_COMPILER_APPICON_NAME = AppIcon;
				INFOPLIST_FILE = tippy/Info.plist;
				LD_RUNPATH_SEARCH_PATHS = "$(inherited) @executable_path/Frameworks";
				PRODUCT_BUNDLE_IDENTIFIER = me.noff.tippy;
				PRODUCT_NAME = "$(TARGET_NAME)";
				SWIFT_VERSION = 3.0;
			};
			name = Release;
		};
		85B7BE701D8F2DF500E265D7 /* Debug */ = {
			isa = XCBuildConfiguration;
			buildSettings = {
				ALWAYS_EMBED_SWIFT_STANDARD_LIBRARIES = YES;
				BUNDLE_LOADER = "$(TEST_HOST)";
				INFOPLIST_FILE = tippyTests/Info.plist;
				LD_RUNPATH_SEARCH_PATHS = "$(inherited) @executable_path/Frameworks @loader_path/Frameworks";
				PRODUCT_BUNDLE_IDENTIFIER = me.noff.tippyTests;
				PRODUCT_NAME = "$(TARGET_NAME)";
				SWIFT_VERSION = 3.0;
				TEST_HOST = "$(BUILT_PRODUCTS_DIR)/tippy.app/tippy";
			};
			name = Debug;
		};
		85B7BE711D8F2DF500E265D7 /* Release */ = {
			isa = XCBuildConfiguration;
			buildSettings = {
				ALWAYS_EMBED_SWIFT_STANDARD_LIBRARIES = YES;
				BUNDLE_LOADER = "$(TEST_HOST)";
				INFOPLIST_FILE = tippyTests/Info.plist;
				LD_RUNPATH_SEARCH_PATHS = "$(inherited) @executable_path/Frameworks @loader_path/Frameworks";
				PRODUCT_BUNDLE_IDENTIFIER = me.noff.tippyTests;
				PRODUCT_NAME = "$(TARGET_NAME)";
				SWIFT_VERSION = 3.0;
				TEST_HOST = "$(BUILT_PRODUCTS_DIR)/tippy.app/tippy";
			};
			name = Release;
		};
		85B7BE731D8F2DF500E265D7 /* Debug */ = {
			isa = XCBuildConfiguration;
			buildSettings = {
				ALWAYS_EMBED_SWIFT_STANDARD_LIBRARIES = YES;
				INFOPLIST_FILE = tippyUITests/Info.plist;
				LD_RUNPATH_SEARCH_PATHS = "$(inherited) @executable_path/Frameworks @loader_path/Frameworks";
				PRODUCT_BUNDLE_IDENTIFIER = me.noff.tippyUITests;
				PRODUCT_NAME = "$(TARGET_NAME)";
				SWIFT_VERSION = 3.0;
				TEST_TARGET_NAME = tippy;
			};
			name = Debug;
		};
		85B7BE741D8F2DF500E265D7 /* Release */ = {
			isa = XCBuildConfiguration;
			buildSettings = {
				ALWAYS_EMBED_SWIFT_STANDARD_LIBRARIES = YES;
				INFOPLIST_FILE = tippyUITests/Info.plist;
				LD_RUNPATH_SEARCH_PATHS = "$(inherited) @executable_path/Frameworks @loader_path/Frameworks";
				PRODUCT_BUNDLE_IDENTIFIER = me.noff.tippyUITests;
				PRODUCT_NAME = "$(TARGET_NAME)";
				SWIFT_VERSION = 3.0;
				TEST_TARGET_NAME = tippy;
			};
			name = Release;
		};
/* End XCBuildConfiguration section */

/* Begin XCConfigurationList section */
		85B7BE3F1D8F2DF400E265D7 /* Build configuration list for PBXProject "tippy" */ = {
			isa = XCConfigurationList;
			buildConfigurations = (
				85B7BE6A1D8F2DF500E265D7 /* Debug */,
				85B7BE6B1D8F2DF500E265D7 /* Release */,
			);
			defaultConfigurationIsVisible = 0;
			defaultConfigurationName = Release;
		};
		85B7BE6C1D8F2DF500E265D7 /* Build configuration list for PBXNativeTarget "tippy" */ = {
			isa = XCConfigurationList;
			buildConfigurations = (
				85B7BE6D1D8F2DF500E265D7 /* Debug */,
				85B7BE6E1D8F2DF500E265D7 /* Release */,
			);
			defaultConfigurationIsVisible = 0;
		};
		85B7BE6F1D8F2DF500E265D7 /* Build configuration list for PBXNativeTarget "tippyTests" */ = {
			isa = XCConfigurationList;
			buildConfigurations = (
				85B7BE701D8F2DF500E265D7 /* Debug */,
				85B7BE711D8F2DF500E265D7 /* Release */,
			);
			defaultConfigurationIsVisible = 0;
		};
		85B7BE721D8F2DF500E265D7 /* Build configuration list for PBXNativeTarget "tippyUITests" */ = {
			isa = XCConfigurationList;
			buildConfigurations = (
				85B7BE731D8F2DF500E265D7 /* Debug */,
				85B7BE741D8F2DF500E265D7 /* Release */,
			);
			defaultConfigurationIsVisible = 0;
		};
/* End XCConfigurationList section */
	};
	rootObject = 85B7BE3C1D8F2DF400E265D7 /* Project object */;
}
